// !$*UTF8*$!
{
	archiveVersion = 1;
	classes = {
	};
	objectVersion = 46;
	objects = {

/* Begin PBXBuildFile section */
		493538E11CD85B390071E524 /* BaseGeometry.m in Sources */ = {isa = PBXBuildFile; fileRef = 493538A81CD85B390071E524 /* BaseGeometry.m */; };
		493538E21CD85B390071E524 /* BezierUtilities.m in Sources */ = {isa = PBXBuildFile; fileRef = 493538AA1CD85B390071E524 /* BezierUtilities.m */; };
		493538E31CD85B390071E524 /* Colours.m in Sources */ = {isa = PBXBuildFile; fileRef = 493538AC1CD85B390071E524 /* Colours.m */; };
		493538E41CD85B390071E524 /* _FBColorComponentCell.m in Sources */ = {isa = PBXBuildFile; fileRef = 493538AF1CD85B390071E524 /* _FBColorComponentCell.m */; };
		493538E51CD85B390071E524 /* _FBColorUtils.m in Sources */ = {isa = PBXBuildFile; fileRef = 493538B11CD85B390071E524 /* _FBColorUtils.m */; };
		493538E61CD85B390071E524 /* _FBColorWheelCell.m in Sources */ = {isa = PBXBuildFile; fileRef = 493538B31CD85B390071E524 /* _FBColorWheelCell.m */; };
		493538E71CD85B390071E524 /* _FBKeyboardManager.m in Sources */ = {isa = PBXBuildFile; fileRef = 493538B51CD85B390071E524 /* _FBKeyboardManager.m */; };
		493538E81CD85B390071E524 /* _FBSliderView.m in Sources */ = {isa = PBXBuildFile; fileRef = 493538B71CD85B390071E524 /* _FBSliderView.m */; };
		493538E91CD85B390071E524 /* _FBTweakArrayViewController.m in Sources */ = {isa = PBXBuildFile; fileRef = 493538B91CD85B390071E524 /* _FBTweakArrayViewController.m */; };
		493538EA1CD85B390071E524 /* _FBTweakBindObserver.m in Sources */ = {isa = PBXBuildFile; fileRef = 493538BB1CD85B390071E524 /* _FBTweakBindObserver.m */; };
		493538EB1CD85B390071E524 /* _FBTweakCategoryViewController.m in Sources */ = {isa = PBXBuildFile; fileRef = 493538BD1CD85B390071E524 /* _FBTweakCategoryViewController.m */; };
		493538EC1CD85B390071E524 /* _FBTweakCollectionViewController.m in Sources */ = {isa = PBXBuildFile; fileRef = 493538BF1CD85B390071E524 /* _FBTweakCollectionViewController.m */; };
		493538ED1CD85B390071E524 /* _FBTweakColorViewController.m in Sources */ = {isa = PBXBuildFile; fileRef = 493538C11CD85B390071E524 /* _FBTweakColorViewController.m */; };
		493538EE1CD85B390071E524 /* _FBTweakColorViewControllerHSBDataSource.m in Sources */ = {isa = PBXBuildFile; fileRef = 493538C41CD85B390071E524 /* _FBTweakColorViewControllerHSBDataSource.m */; };
		493538EF1CD85B390071E524 /* _FBTweakColorViewControllerRGBDataSource.m in Sources */ = {isa = PBXBuildFile; fileRef = 493538C61CD85B390071E524 /* _FBTweakColorViewControllerRGBDataSource.m */; };
		493538F01CD85B390071E524 /* _FBTweakDictionaryViewController.m in Sources */ = {isa = PBXBuildFile; fileRef = 493538C81CD85B390071E524 /* _FBTweakDictionaryViewController.m */; };
		493538F11CD85B390071E524 /* _FBTweakTableViewCell.m in Sources */ = {isa = PBXBuildFile; fileRef = 493538CA1CD85B390071E524 /* _FBTweakTableViewCell.m */; };
		493538F21CD85B390071E524 /* FBTweak.m in Sources */ = {isa = PBXBuildFile; fileRef = 493538CD1CD85B390071E524 /* FBTweak.m */; };
		493538F31CD85B390071E524 /* FBTweakCategory.m in Sources */ = {isa = PBXBuildFile; fileRef = 493538CF1CD85B390071E524 /* FBTweakCategory.m */; };
		493538F41CD85B390071E524 /* FBTweakCollection.m in Sources */ = {isa = PBXBuildFile; fileRef = 493538D11CD85B390071E524 /* FBTweakCollection.m */; };
		493538F51CD85B390071E524 /* FBTweakInline.m in Sources */ = {isa = PBXBuildFile; fileRef = 493538D41CD85B390071E524 /* FBTweakInline.m */; };
		493538F61CD85B390071E524 /* FBTweakShakeWindow.m in Sources */ = {isa = PBXBuildFile; fileRef = 493538D71CD85B390071E524 /* FBTweakShakeWindow.m */; };
		493538F71CD85B390071E524 /* FBTweakStore.m in Sources */ = {isa = PBXBuildFile; fileRef = 493538D91CD85B390071E524 /* FBTweakStore.m */; };
		493538F81CD85B390071E524 /* FBTweakViewController.m in Sources */ = {isa = PBXBuildFile; fileRef = 493538DB1CD85B390071E524 /* FBTweakViewController.m */; };
		493538F91CD85B390071E524 /* JDMGradientLayer.m in Sources */ = {isa = PBXBuildFile; fileRef = 493538DD1CD85B390071E524 /* JDMGradientLayer.m */; };
		493538FA1CD85B390071E524 /* SceneKit Additions.m in Sources */ = {isa = PBXBuildFile; fileRef = 493538E01CD85B390071E524 /* SceneKit Additions.m */; };
		49C81D4A1B915866004CD2F9 /* main.m in Sources */ = {isa = PBXBuildFile; fileRef = 49C81D491B915866004CD2F9 /* main.m */; };
		49C81D4D1B915866004CD2F9 /* AppDelegate.m in Sources */ = {isa = PBXBuildFile; fileRef = 49C81D4C1B915866004CD2F9 /* AppDelegate.m */; };
		49C81D501B915866004CD2F9 /* ViewController.m in Sources */ = {isa = PBXBuildFile; fileRef = 49C81D4F1B915866004CD2F9 /* ViewController.m */; };
		49C81D531B915866004CD2F9 /* Main.storyboard in Resources */ = {isa = PBXBuildFile; fileRef = 49C81D511B915866004CD2F9 /* Main.storyboard */; };
		49C81D551B915866004CD2F9 /* Assets.xcassets in Resources */ = {isa = PBXBuildFile; fileRef = 49C81D541B915866004CD2F9 /* Assets.xcassets */; };
		49C81D581B915867004CD2F9 /* LaunchScreen.storyboard in Resources */ = {isa = PBXBuildFile; fileRef = 49C81D561B915867004CD2F9 /* LaunchScreen.storyboard */; };
		49C81D631B915867004CD2F9 /* ReplicatorTests.m in Sources */ = {isa = PBXBuildFile; fileRef = 49C81D621B915867004CD2F9 /* ReplicatorTests.m */; };
		49C81D6E1B915867004CD2F9 /* ReplicatorUITests.m in Sources */ = {isa = PBXBuildFile; fileRef = 49C81D6D1B915867004CD2F9 /* ReplicatorUITests.m */; };
		49C81DB51B9158C6004CD2F9 /* AGKCorner.m in Sources */ = {isa = PBXBuildFile; fileRef = 49C81D801B9158C6004CD2F9 /* AGKCorner.m */; };
		49C81DB61B9158C6004CD2F9 /* AGKLine.m in Sources */ = {isa = PBXBuildFile; fileRef = 49C81D821B9158C6004CD2F9 /* AGKLine.m */; };
		49C81DB71B9158C6004CD2F9 /* AGKMath.m in Sources */ = {isa = PBXBuildFile; fileRef = 49C81D841B9158C6004CD2F9 /* AGKMath.m */; };
		49C81DB81B9158C6004CD2F9 /* AGKQuad.m in Sources */ = {isa = PBXBuildFile; fileRef = 49C81D861B9158C6004CD2F9 /* AGKQuad.m */; };
		49C81DB91B9158C6004CD2F9 /* AGKVector3D.m in Sources */ = {isa = PBXBuildFile; fileRef = 49C81D881B9158C6004CD2F9 /* AGKVector3D.m */; };
		49C81DBA1B9158C6004CD2F9 /* AGKMatrix+AGKVector3D.m in Sources */ = {isa = PBXBuildFile; fileRef = 49C81D8C1B9158C6004CD2F9 /* AGKMatrix+AGKVector3D.m */; };
		49C81DBB1B9158C6004CD2F9 /* AGKMatrix+CATransform3D.m in Sources */ = {isa = PBXBuildFile; fileRef = 49C81D8E1B9158C6004CD2F9 /* AGKMatrix+CATransform3D.m */; };
		49C81DBC1B9158C6004CD2F9 /* AGKMatrix+GLKit.m in Sources */ = {isa = PBXBuildFile; fileRef = 49C81D901B9158C6004CD2F9 /* AGKMatrix+GLKit.m */; };
		49C81DBD1B9158C6004CD2F9 /* CALayer+AGK+Methods.m in Sources */ = {isa = PBXBuildFile; fileRef = 49C81D921B9158C6004CD2F9 /* CALayer+AGK+Methods.m */; };
		49C81DBE1B9158C6004CD2F9 /* CALayer+AGK+Properties.m in Sources */ = {isa = PBXBuildFile; fileRef = 49C81D941B9158C6004CD2F9 /* CALayer+AGK+Properties.m */; };
		49C81DBF1B9158C6004CD2F9 /* CALayer+AGKQuad.m in Sources */ = {isa = PBXBuildFile; fileRef = 49C81D961B9158C6004CD2F9 /* CALayer+AGKQuad.m */; };
		49C81DC01B9158C6004CD2F9 /* NSValue+AGKQuad.m in Sources */ = {isa = PBXBuildFile; fileRef = 49C81D981B9158C6004CD2F9 /* NSValue+AGKQuad.m */; };
		49C81DC11B9158C6004CD2F9 /* UIBezierPath+AGKQuad.m in Sources */ = {isa = PBXBuildFile; fileRef = 49C81D9A1B9158C6004CD2F9 /* UIBezierPath+AGKQuad.m */; };
		49C81DC21B9158C6004CD2F9 /* UIImage+AGK+CATransform3D.m in Sources */ = {isa = PBXBuildFile; fileRef = 49C81D9C1B9158C6004CD2F9 /* UIImage+AGK+CATransform3D.m */; };
		49C81DC31B9158C6004CD2F9 /* UIImage+AGKQuad.m in Sources */ = {isa = PBXBuildFile; fileRef = 49C81D9E1B9158C6004CD2F9 /* UIImage+AGKQuad.m */; };
		49C81DC41B9158C6004CD2F9 /* UIScrollView+AGK+Properties.m in Sources */ = {isa = PBXBuildFile; fileRef = 49C81DA01B9158C6004CD2F9 /* UIScrollView+AGK+Properties.m */; };
		49C81DC51B9158C6004CD2F9 /* UIView+AGK+AngleConverter.m in Sources */ = {isa = PBXBuildFile; fileRef = 49C81DA21B9158C6004CD2F9 /* UIView+AGK+AngleConverter.m */; };
		49C81DC61B9158C6004CD2F9 /* UIView+AGK+Properties.m in Sources */ = {isa = PBXBuildFile; fileRef = 49C81DA41B9158C6004CD2F9 /* UIView+AGK+Properties.m */; };
		49C81DC71B9158C6004CD2F9 /* AGKCALayerAnimationBlockDelegate.m in Sources */ = {isa = PBXBuildFile; fileRef = 49C81DA81B9158C6004CD2F9 /* AGKCALayerAnimationBlockDelegate.m */; };
		49C81DC81B9158C6004CD2F9 /* AGKMatrix.m in Sources */ = {isa = PBXBuildFile; fileRef = 49C81DAA1B9158C6004CD2F9 /* AGKMatrix.m */; };
		49C81DC91B9158C6004CD2F9 /* AGKTransformPixelMapper.m in Sources */ = {isa = PBXBuildFile; fileRef = 49C81DAC1B9158C6004CD2F9 /* AGKTransformPixelMapper.m */; };
		49C81DCA1B9158C6004CD2F9 /* CGGeometry+AGGeometryKit.m in Sources */ = {isa = PBXBuildFile; fileRef = 49C81DB01B9158C6004CD2F9 /* CGGeometry+AGGeometryKit.m */; };
		49C81DCB1B9158C6004CD2F9 /* CGImageRef+AGK+CATransform3D.m in Sources */ = {isa = PBXBuildFile; fileRef = 49C81DB21B9158C6004CD2F9 /* CGImageRef+AGK+CATransform3D.m */; };
		49C81DCC1B9158C6004CD2F9 /* POPAnimatableProperty+AGGeometryKit.m in Sources */ = {isa = PBXBuildFile; fileRef = 49C81DB41B9158C6004CD2F9 /* POPAnimatableProperty+AGGeometryKit.m */; };
		49C81E701B915E5D004CD2F9 /* pop.framework in Frameworks */ = {isa = PBXBuildFile; fileRef = 49C81E691B915E50004CD2F9 /* pop.framework */; };
		49C81E711B915E5D004CD2F9 /* pop.framework in Embed Frameworks */ = {isa = PBXBuildFile; fileRef = 49C81E691B915E50004CD2F9 /* pop.framework */; settings = {ATTRIBUTES = (CodeSignOnCopy, RemoveHeadersOnCopy, ); }; };
/* End PBXBuildFile section */

/* Begin PBXContainerItemProxy section */
		49C81D5F1B915867004CD2F9 /* PBXContainerItemProxy */ = {
			isa = PBXContainerItemProxy;
			containerPortal = 49C81D3D1B915866004CD2F9 /* Project object */;
			proxyType = 1;
			remoteGlobalIDString = 49C81D441B915866004CD2F9;
			remoteInfo = Replicator;
		};
		49C81D6A1B915867004CD2F9 /* PBXContainerItemProxy */ = {
			isa = PBXContainerItemProxy;
			containerPortal = 49C81D3D1B915866004CD2F9 /* Project object */;
			proxyType = 1;
			remoteGlobalIDString = 49C81D441B915866004CD2F9;
			remoteInfo = Replicator;
		};
		49C81E661B915E50004CD2F9 /* PBXContainerItemProxy */ = {
			isa = PBXContainerItemProxy;
			containerPortal = 49C81E5E1B915E50004CD2F9 /* pop.xcodeproj */;
			proxyType = 2;
			remoteGlobalIDString = EC191218162FB53A00E0CC76;
			remoteInfo = "pop-ios-static";
		};
		49C81E681B915E50004CD2F9 /* PBXContainerItemProxy */ = {
			isa = PBXContainerItemProxy;
			containerPortal = 49C81E5E1B915E50004CD2F9 /* pop.xcodeproj */;
			proxyType = 2;
			remoteGlobalIDString = 0B6BE74819FFD3B900762101;
			remoteInfo = "pop-ios-framework";
		};
		49C81E6A1B915E50004CD2F9 /* PBXContainerItemProxy */ = {
			isa = PBXContainerItemProxy;
			containerPortal = 49C81E5E1B915E50004CD2F9 /* pop.xcodeproj */;
			proxyType = 2;
			remoteGlobalIDString = EC68857F18C7B60000C6194C;
			remoteInfo = "pop-osx-framework";
		};
		49C81E6C1B915E50004CD2F9 /* PBXContainerItemProxy */ = {
			isa = PBXContainerItemProxy;
			containerPortal = 49C81E5E1B915E50004CD2F9 /* pop.xcodeproj */;
			proxyType = 2;
			remoteGlobalIDString = ECF01ED318C92B7F009E0AD1;
			remoteInfo = "pop-tests-ios";
		};
		49C81E6E1B915E50004CD2F9 /* PBXContainerItemProxy */ = {
			isa = PBXContainerItemProxy;
			containerPortal = 49C81E5E1B915E50004CD2F9 /* pop.xcodeproj */;
			proxyType = 2;
			remoteGlobalIDString = EC7E319918C93D6500B38170;
			remoteInfo = "pop-tests-osx";
		};
		49C81E721B915E5D004CD2F9 /* PBXContainerItemProxy */ = {
			isa = PBXContainerItemProxy;
			containerPortal = 49C81E5E1B915E50004CD2F9 /* pop.xcodeproj */;
			proxyType = 1;
			remoteGlobalIDString = 0B6BE74719FFD3B900762101;
			remoteInfo = "pop-ios-framework";
		};
/* End PBXContainerItemProxy section */

/* Begin PBXCopyFilesBuildPhase section */
		49C81E741B915E5D004CD2F9 /* Embed Frameworks */ = {
			isa = PBXCopyFilesBuildPhase;
			buildActionMask = 2147483647;
			dstPath = "";
			dstSubfolderSpec = 10;
			files = (
				49C81E711B915E5D004CD2F9 /* pop.framework in Embed Frameworks */,
			);
			name = "Embed Frameworks";
			runOnlyForDeploymentPostprocessing = 0;
		};
/* End PBXCopyFilesBuildPhase section */

/* Begin PBXFileReference section */
		493538A71CD85B390071E524 /* BaseGeometry.h */ = {isa = PBXFileReference; fileEncoding = 4; lastKnownFileType = sourcecode.c.h; path = BaseGeometry.h; sourceTree = "<group>"; };
		493538A81CD85B390071E524 /* BaseGeometry.m */ = {isa = PBXFileReference; fileEncoding = 4; lastKnownFileType = sourcecode.c.objc; path = BaseGeometry.m; sourceTree = "<group>"; };
		493538A91CD85B390071E524 /* BezierUtilities.h */ = {isa = PBXFileReference; fileEncoding = 4; lastKnownFileType = sourcecode.c.h; path = BezierUtilities.h; sourceTree = "<group>"; };
		493538AA1CD85B390071E524 /* BezierUtilities.m */ = {isa = PBXFileReference; fileEncoding = 4; lastKnownFileType = sourcecode.c.objc; path = BezierUtilities.m; sourceTree = "<group>"; };
		493538AB1CD85B390071E524 /* Colours.h */ = {isa = PBXFileReference; fileEncoding = 4; lastKnownFileType = sourcecode.c.h; path = Colours.h; sourceTree = "<group>"; };
		493538AC1CD85B390071E524 /* Colours.m */ = {isa = PBXFileReference; fileEncoding = 4; lastKnownFileType = sourcecode.c.objc; path = Colours.m; sourceTree = "<group>"; };
		493538AE1CD85B390071E524 /* _FBColorComponentCell.h */ = {isa = PBXFileReference; fileEncoding = 4; lastKnownFileType = sourcecode.c.h; path = _FBColorComponentCell.h; sourceTree = "<group>"; };
		493538AF1CD85B390071E524 /* _FBColorComponentCell.m */ = {isa = PBXFileReference; fileEncoding = 4; lastKnownFileType = sourcecode.c.objc; path = _FBColorComponentCell.m; sourceTree = "<group>"; };
		493538B01CD85B390071E524 /* _FBColorUtils.h */ = {isa = PBXFileReference; fileEncoding = 4; lastKnownFileType = sourcecode.c.h; path = _FBColorUtils.h; sourceTree = "<group>"; };
		493538B11CD85B390071E524 /* _FBColorUtils.m */ = {isa = PBXFileReference; fileEncoding = 4; lastKnownFileType = sourcecode.c.objc; path = _FBColorUtils.m; sourceTree = "<group>"; };
		493538B21CD85B390071E524 /* _FBColorWheelCell.h */ = {isa = PBXFileReference; fileEncoding = 4; lastKnownFileType = sourcecode.c.h; path = _FBColorWheelCell.h; sourceTree = "<group>"; };
		493538B31CD85B390071E524 /* _FBColorWheelCell.m */ = {isa = PBXFileReference; fileEncoding = 4; lastKnownFileType = sourcecode.c.objc; path = _FBColorWheelCell.m; sourceTree = "<group>"; };
		493538B41CD85B390071E524 /* _FBKeyboardManager.h */ = {isa = PBXFileReference; fileEncoding = 4; lastKnownFileType = sourcecode.c.h; path = _FBKeyboardManager.h; sourceTree = "<group>"; };
		493538B51CD85B390071E524 /* _FBKeyboardManager.m */ = {isa = PBXFileReference; fileEncoding = 4; lastKnownFileType = sourcecode.c.objc; path = _FBKeyboardManager.m; sourceTree = "<group>"; };
		493538B61CD85B390071E524 /* _FBSliderView.h */ = {isa = PBXFileReference; fileEncoding = 4; lastKnownFileType = sourcecode.c.h; path = _FBSliderView.h; sourceTree = "<group>"; };
		493538B71CD85B390071E524 /* _FBSliderView.m */ = {isa = PBXFileReference; fileEncoding = 4; lastKnownFileType = sourcecode.c.objc; path = _FBSliderView.m; sourceTree = "<group>"; };
		493538B81CD85B390071E524 /* _FBTweakArrayViewController.h */ = {isa = PBXFileReference; fileEncoding = 4; lastKnownFileType = sourcecode.c.h; path = _FBTweakArrayViewController.h; sourceTree = "<group>"; };
		493538B91CD85B390071E524 /* _FBTweakArrayViewController.m */ = {isa = PBXFileReference; fileEncoding = 4; lastKnownFileType = sourcecode.c.objc; path = _FBTweakArrayViewController.m; sourceTree = "<group>"; };
		493538BA1CD85B390071E524 /* _FBTweakBindObserver.h */ = {isa = PBXFileReference; fileEncoding = 4; lastKnownFileType = sourcecode.c.h; path = _FBTweakBindObserver.h; sourceTree = "<group>"; };
		493538BB1CD85B390071E524 /* _FBTweakBindObserver.m */ = {isa = PBXFileReference; fileEncoding = 4; lastKnownFileType = sourcecode.c.objc; path = _FBTweakBindObserver.m; sourceTree = "<group>"; };
		493538BC1CD85B390071E524 /* _FBTweakCategoryViewController.h */ = {isa = PBXFileReference; fileEncoding = 4; lastKnownFileType = sourcecode.c.h; path = _FBTweakCategoryViewController.h; sourceTree = "<group>"; };
		493538BD1CD85B390071E524 /* _FBTweakCategoryViewController.m */ = {isa = PBXFileReference; fileEncoding = 4; lastKnownFileType = sourcecode.c.objc; path = _FBTweakCategoryViewController.m; sourceTree = "<group>"; };
		493538BE1CD85B390071E524 /* _FBTweakCollectionViewController.h */ = {isa = PBXFileReference; fileEncoding = 4; lastKnownFileType = sourcecode.c.h; path = _FBTweakCollectionViewController.h; sourceTree = "<group>"; };
		493538BF1CD85B390071E524 /* _FBTweakCollectionViewController.m */ = {isa = PBXFileReference; fileEncoding = 4; lastKnownFileType = sourcecode.c.objc; path = _FBTweakCollectionViewController.m; sourceTree = "<group>"; };
		493538C01CD85B390071E524 /* _FBTweakColorViewController.h */ = {isa = PBXFileReference; fileEncoding = 4; lastKnownFileType = sourcecode.c.h; path = _FBTweakColorViewController.h; sourceTree = "<group>"; };
		493538C11CD85B390071E524 /* _FBTweakColorViewController.m */ = {isa = PBXFileReference; fileEncoding = 4; lastKnownFileType = sourcecode.c.objc; path = _FBTweakColorViewController.m; sourceTree = "<group>"; };
		493538C21CD85B390071E524 /* _FBTweakColorViewControllerDataSource.h */ = {isa = PBXFileReference; fileEncoding = 4; lastKnownFileType = sourcecode.c.h; path = _FBTweakColorViewControllerDataSource.h; sourceTree = "<group>"; };
		493538C31CD85B390071E524 /* _FBTweakColorViewControllerHSBDataSource.h */ = {isa = PBXFileReference; fileEncoding = 4; lastKnownFileType = sourcecode.c.h; path = _FBTweakColorViewControllerHSBDataSource.h; sourceTree = "<group>"; };
		493538C41CD85B390071E524 /* _FBTweakColorViewControllerHSBDataSource.m */ = {isa = PBXFileReference; fileEncoding = 4; lastKnownFileType = sourcecode.c.objc; path = _FBTweakColorViewControllerHSBDataSource.m; sourceTree = "<group>"; };
		493538C51CD85B390071E524 /* _FBTweakColorViewControllerRGBDataSource.h */ = {isa = PBXFileReference; fileEncoding = 4; lastKnownFileType = sourcecode.c.h; path = _FBTweakColorViewControllerRGBDataSource.h; sourceTree = "<group>"; };
		493538C61CD85B390071E524 /* _FBTweakColorViewControllerRGBDataSource.m */ = {isa = PBXFileReference; fileEncoding = 4; lastKnownFileType = sourcecode.c.objc; path = _FBTweakColorViewControllerRGBDataSource.m; sourceTree = "<group>"; };
		493538C71CD85B390071E524 /* _FBTweakDictionaryViewController.h */ = {isa = PBXFileReference; fileEncoding = 4; lastKnownFileType = sourcecode.c.h; path = _FBTweakDictionaryViewController.h; sourceTree = "<group>"; };
		493538C81CD85B390071E524 /* _FBTweakDictionaryViewController.m */ = {isa = PBXFileReference; fileEncoding = 4; lastKnownFileType = sourcecode.c.objc; path = _FBTweakDictionaryViewController.m; sourceTree = "<group>"; };
		493538C91CD85B390071E524 /* _FBTweakTableViewCell.h */ = {isa = PBXFileReference; fileEncoding = 4; lastKnownFileType = sourcecode.c.h; path = _FBTweakTableViewCell.h; sourceTree = "<group>"; };
		493538CA1CD85B390071E524 /* _FBTweakTableViewCell.m */ = {isa = PBXFileReference; fileEncoding = 4; lastKnownFileType = sourcecode.c.objc; path = _FBTweakTableViewCell.m; sourceTree = "<group>"; };
		493538CB1CD85B390071E524 /* FBTweak-Prefix.pch */ = {isa = PBXFileReference; fileEncoding = 4; lastKnownFileType = sourcecode.c.h; path = "FBTweak-Prefix.pch"; sourceTree = "<group>"; };
		493538CC1CD85B390071E524 /* FBTweak.h */ = {isa = PBXFileReference; fileEncoding = 4; lastKnownFileType = sourcecode.c.h; path = FBTweak.h; sourceTree = "<group>"; };
		493538CD1CD85B390071E524 /* FBTweak.m */ = {isa = PBXFileReference; fileEncoding = 4; lastKnownFileType = sourcecode.c.objc; path = FBTweak.m; sourceTree = "<group>"; };
		493538CE1CD85B390071E524 /* FBTweakCategory.h */ = {isa = PBXFileReference; fileEncoding = 4; lastKnownFileType = sourcecode.c.h; path = FBTweakCategory.h; sourceTree = "<group>"; };
		493538CF1CD85B390071E524 /* FBTweakCategory.m */ = {isa = PBXFileReference; fileEncoding = 4; lastKnownFileType = sourcecode.c.objc; path = FBTweakCategory.m; sourceTree = "<group>"; };
		493538D01CD85B390071E524 /* FBTweakCollection.h */ = {isa = PBXFileReference; fileEncoding = 4; lastKnownFileType = sourcecode.c.h; path = FBTweakCollection.h; sourceTree = "<group>"; };
		493538D11CD85B390071E524 /* FBTweakCollection.m */ = {isa = PBXFileReference; fileEncoding = 4; lastKnownFileType = sourcecode.c.objc; path = FBTweakCollection.m; sourceTree = "<group>"; };
		493538D21CD85B390071E524 /* FBTweakEnabled.h */ = {isa = PBXFileReference; fileEncoding = 4; lastKnownFileType = sourcecode.c.h; path = FBTweakEnabled.h; sourceTree = "<group>"; };
		493538D31CD85B390071E524 /* FBTweakInline.h */ = {isa = PBXFileReference; fileEncoding = 4; lastKnownFileType = sourcecode.c.h; path = FBTweakInline.h; sourceTree = "<group>"; };
		493538D41CD85B390071E524 /* FBTweakInline.m */ = {isa = PBXFileReference; fileEncoding = 4; lastKnownFileType = sourcecode.c.objc; path = FBTweakInline.m; sourceTree = "<group>"; };
		493538D51CD85B390071E524 /* FBTweakInlineInternal.h */ = {isa = PBXFileReference; fileEncoding = 4; lastKnownFileType = sourcecode.c.h; path = FBTweakInlineInternal.h; sourceTree = "<group>"; };
		493538D61CD85B390071E524 /* FBTweakShakeWindow.h */ = {isa = PBXFileReference; fileEncoding = 4; lastKnownFileType = sourcecode.c.h; path = FBTweakShakeWindow.h; sourceTree = "<group>"; };
		493538D71CD85B390071E524 /* FBTweakShakeWindow.m */ = {isa = PBXFileReference; fileEncoding = 4; lastKnownFileType = sourcecode.c.objc; path = FBTweakShakeWindow.m; sourceTree = "<group>"; };
		493538D81CD85B390071E524 /* FBTweakStore.h */ = {isa = PBXFileReference; fileEncoding = 4; lastKnownFileType = sourcecode.c.h; path = FBTweakStore.h; sourceTree = "<group>"; };
		493538D91CD85B390071E524 /* FBTweakStore.m */ = {isa = PBXFileReference; fileEncoding = 4; lastKnownFileType = sourcecode.c.objc; path = FBTweakStore.m; sourceTree = "<group>"; };
		493538DA1CD85B390071E524 /* FBTweakViewController.h */ = {isa = PBXFileReference; fileEncoding = 4; lastKnownFileType = sourcecode.c.h; path = FBTweakViewController.h; sourceTree = "<group>"; };
		493538DB1CD85B390071E524 /* FBTweakViewController.m */ = {isa = PBXFileReference; fileEncoding = 4; lastKnownFileType = sourcecode.c.objc; path = FBTweakViewController.m; sourceTree = "<group>"; };
		493538DC1CD85B390071E524 /* JDMGradientLayer.h */ = {isa = PBXFileReference; fileEncoding = 4; lastKnownFileType = sourcecode.c.h; path = JDMGradientLayer.h; sourceTree = "<group>"; };
		493538DD1CD85B390071E524 /* JDMGradientLayer.m */ = {isa = PBXFileReference; fileEncoding = 4; lastKnownFileType = sourcecode.c.objc; path = JDMGradientLayer.m; sourceTree = "<group>"; };
		493538DE1CD85B390071E524 /* JDMUtility.h */ = {isa = PBXFileReference; fileEncoding = 4; lastKnownFileType = sourcecode.c.h; path = JDMUtility.h; sourceTree = "<group>"; };
		493538DF1CD85B390071E524 /* SceneKit Additions.h */ = {isa = PBXFileReference; fileEncoding = 4; lastKnownFileType = sourcecode.c.h; path = "SceneKit Additions.h"; sourceTree = "<group>"; };
		493538E01CD85B390071E524 /* SceneKit Additions.m */ = {isa = PBXFileReference; fileEncoding = 4; lastKnownFileType = sourcecode.c.objc; path = "SceneKit Additions.m"; sourceTree = "<group>"; };
		49C81D451B915866004CD2F9 /* Replicator.app */ = {isa = PBXFileReference; explicitFileType = wrapper.application; includeInIndex = 0; path = Replicator.app; sourceTree = BUILT_PRODUCTS_DIR; };
		49C81D491B915866004CD2F9 /* main.m */ = {isa = PBXFileReference; lastKnownFileType = sourcecode.c.objc; path = main.m; sourceTree = "<group>"; };
		49C81D4B1B915866004CD2F9 /* AppDelegate.h */ = {isa = PBXFileReference; lastKnownFileType = sourcecode.c.h; path = AppDelegate.h; sourceTree = "<group>"; };
		49C81D4C1B915866004CD2F9 /* AppDelegate.m */ = {isa = PBXFileReference; lastKnownFileType = sourcecode.c.objc; path = AppDelegate.m; sourceTree = "<group>"; };
		49C81D4E1B915866004CD2F9 /* ViewController.h */ = {isa = PBXFileReference; lastKnownFileType = sourcecode.c.h; path = ViewController.h; sourceTree = "<group>"; };
		49C81D4F1B915866004CD2F9 /* ViewController.m */ = {isa = PBXFileReference; lastKnownFileType = sourcecode.c.objc; path = ViewController.m; sourceTree = "<group>"; };
		49C81D521B915866004CD2F9 /* Base */ = {isa = PBXFileReference; lastKnownFileType = file.storyboard; name = Base; path = Base.lproj/Main.storyboard; sourceTree = "<group>"; };
		49C81D541B915866004CD2F9 /* Assets.xcassets */ = {isa = PBXFileReference; lastKnownFileType = folder.assetcatalog; path = Assets.xcassets; sourceTree = "<group>"; };
		49C81D571B915867004CD2F9 /* Base */ = {isa = PBXFileReference; lastKnownFileType = file.storyboard; name = Base; path = Base.lproj/LaunchScreen.storyboard; sourceTree = "<group>"; };
		49C81D591B915867004CD2F9 /* Info.plist */ = {isa = PBXFileReference; lastKnownFileType = text.plist.xml; path = Info.plist; sourceTree = "<group>"; };
		49C81D5E1B915867004CD2F9 /* ReplicatorTests.xctest */ = {isa = PBXFileReference; explicitFileType = wrapper.cfbundle; includeInIndex = 0; path = ReplicatorTests.xctest; sourceTree = BUILT_PRODUCTS_DIR; };
		49C81D621B915867004CD2F9 /* ReplicatorTests.m */ = {isa = PBXFileReference; lastKnownFileType = sourcecode.c.objc; path = ReplicatorTests.m; sourceTree = "<group>"; };
		49C81D641B915867004CD2F9 /* Info.plist */ = {isa = PBXFileReference; lastKnownFileType = text.plist.xml; path = Info.plist; sourceTree = "<group>"; };
		49C81D691B915867004CD2F9 /* ReplicatorUITests.xctest */ = {isa = PBXFileReference; explicitFileType = wrapper.cfbundle; includeInIndex = 0; path = ReplicatorUITests.xctest; sourceTree = BUILT_PRODUCTS_DIR; };
		49C81D6D1B915867004CD2F9 /* ReplicatorUITests.m */ = {isa = PBXFileReference; lastKnownFileType = sourcecode.c.objc; path = ReplicatorUITests.m; sourceTree = "<group>"; };
		49C81D6F1B915867004CD2F9 /* Info.plist */ = {isa = PBXFileReference; lastKnownFileType = text.plist.xml; path = Info.plist; sourceTree = "<group>"; };
		49C81D7C1B9158C6004CD2F9 /* AGGeometryKit-Prefix.pch */ = {isa = PBXFileReference; fileEncoding = 4; lastKnownFileType = sourcecode.c.h; path = "AGGeometryKit-Prefix.pch"; sourceTree = "<group>"; };
		49C81D7D1B9158C6004CD2F9 /* AGGeometryKit.h */ = {isa = PBXFileReference; fileEncoding = 4; lastKnownFileType = sourcecode.c.h; path = AGGeometryKit.h; sourceTree = "<group>"; };
		49C81D7E1B9158C6004CD2F9 /* AGKBitOperations.h */ = {isa = PBXFileReference; fileEncoding = 4; lastKnownFileType = sourcecode.c.h; path = AGKBitOperations.h; sourceTree = "<group>"; };
		49C81D7F1B9158C6004CD2F9 /* AGKCorner.h */ = {isa = PBXFileReference; fileEncoding = 4; lastKnownFileType = sourcecode.c.h; path = AGKCorner.h; sourceTree = "<group>"; };
		49C81D801B9158C6004CD2F9 /* AGKCorner.m */ = {isa = PBXFileReference; fileEncoding = 4; lastKnownFileType = sourcecode.c.objc; path = AGKCorner.m; sourceTree = "<group>"; };
		49C81D811B9158C6004CD2F9 /* AGKLine.h */ = {isa = PBXFileReference; fileEncoding = 4; lastKnownFileType = sourcecode.c.h; path = AGKLine.h; sourceTree = "<group>"; };
		49C81D821B9158C6004CD2F9 /* AGKLine.m */ = {isa = PBXFileReference; fileEncoding = 4; lastKnownFileType = sourcecode.c.objc; path = AGKLine.m; sourceTree = "<group>"; };
		49C81D831B9158C6004CD2F9 /* AGKMath.h */ = {isa = PBXFileReference; fileEncoding = 4; lastKnownFileType = sourcecode.c.h; path = AGKMath.h; sourceTree = "<group>"; };
		49C81D841B9158C6004CD2F9 /* AGKMath.m */ = {isa = PBXFileReference; fileEncoding = 4; lastKnownFileType = sourcecode.c.objc; path = AGKMath.m; sourceTree = "<group>"; };
		49C81D851B9158C6004CD2F9 /* AGKQuad.h */ = {isa = PBXFileReference; fileEncoding = 4; lastKnownFileType = sourcecode.c.h; path = AGKQuad.h; sourceTree = "<group>"; };
		49C81D861B9158C6004CD2F9 /* AGKQuad.m */ = {isa = PBXFileReference; fileEncoding = 4; lastKnownFileType = sourcecode.c.objc; path = AGKQuad.m; sourceTree = "<group>"; };
		49C81D871B9158C6004CD2F9 /* AGKVector3D.h */ = {isa = PBXFileReference; fileEncoding = 4; lastKnownFileType = sourcecode.c.h; path = AGKVector3D.h; sourceTree = "<group>"; };
		49C81D881B9158C6004CD2F9 /* AGKVector3D.m */ = {isa = PBXFileReference; fileEncoding = 4; lastKnownFileType = sourcecode.c.objc; path = AGKVector3D.m; sourceTree = "<group>"; };
		49C81D8A1B9158C6004CD2F9 /* AGGeometryKitCategories.h */ = {isa = PBXFileReference; fileEncoding = 4; lastKnownFileType = sourcecode.c.h; path = AGGeometryKitCategories.h; sourceTree = "<group>"; };
		49C81D8B1B9158C6004CD2F9 /* AGKMatrix+AGKVector3D.h */ = {isa = PBXFileReference; fileEncoding = 4; lastKnownFileType = sourcecode.c.h; path = "AGKMatrix+AGKVector3D.h"; sourceTree = "<group>"; };
		49C81D8C1B9158C6004CD2F9 /* AGKMatrix+AGKVector3D.m */ = {isa = PBXFileReference; fileEncoding = 4; lastKnownFileType = sourcecode.c.objc; path = "AGKMatrix+AGKVector3D.m"; sourceTree = "<group>"; };
		49C81D8D1B9158C6004CD2F9 /* AGKMatrix+CATransform3D.h */ = {isa = PBXFileReference; fileEncoding = 4; lastKnownFileType = sourcecode.c.h; path = "AGKMatrix+CATransform3D.h"; sourceTree = "<group>"; };
		49C81D8E1B9158C6004CD2F9 /* AGKMatrix+CATransform3D.m */ = {isa = PBXFileReference; fileEncoding = 4; lastKnownFileType = sourcecode.c.objc; path = "AGKMatrix+CATransform3D.m"; sourceTree = "<group>"; };
		49C81D8F1B9158C6004CD2F9 /* AGKMatrix+GLKit.h */ = {isa = PBXFileReference; fileEncoding = 4; lastKnownFileType = sourcecode.c.h; path = "AGKMatrix+GLKit.h"; sourceTree = "<group>"; };
		49C81D901B9158C6004CD2F9 /* AGKMatrix+GLKit.m */ = {isa = PBXFileReference; fileEncoding = 4; lastKnownFileType = sourcecode.c.objc; path = "AGKMatrix+GLKit.m"; sourceTree = "<group>"; };
		49C81D911B9158C6004CD2F9 /* CALayer+AGK+Methods.h */ = {isa = PBXFileReference; fileEncoding = 4; lastKnownFileType = sourcecode.c.h; path = "CALayer+AGK+Methods.h"; sourceTree = "<group>"; };
		49C81D921B9158C6004CD2F9 /* CALayer+AGK+Methods.m */ = {isa = PBXFileReference; fileEncoding = 4; lastKnownFileType = sourcecode.c.objc; path = "CALayer+AGK+Methods.m"; sourceTree = "<group>"; };
		49C81D931B9158C6004CD2F9 /* CALayer+AGK+Properties.h */ = {isa = PBXFileReference; fileEncoding = 4; lastKnownFileType = sourcecode.c.h; path = "CALayer+AGK+Properties.h"; sourceTree = "<group>"; };
		49C81D941B9158C6004CD2F9 /* CALayer+AGK+Properties.m */ = {isa = PBXFileReference; fileEncoding = 4; lastKnownFileType = sourcecode.c.objc; path = "CALayer+AGK+Properties.m"; sourceTree = "<group>"; };
		49C81D951B9158C6004CD2F9 /* CALayer+AGKQuad.h */ = {isa = PBXFileReference; fileEncoding = 4; lastKnownFileType = sourcecode.c.h; path = "CALayer+AGKQuad.h"; sourceTree = "<group>"; };
		49C81D961B9158C6004CD2F9 /* CALayer+AGKQuad.m */ = {isa = PBXFileReference; fileEncoding = 4; lastKnownFileType = sourcecode.c.objc; path = "CALayer+AGKQuad.m"; sourceTree = "<group>"; };
		49C81D971B9158C6004CD2F9 /* NSValue+AGKQuad.h */ = {isa = PBXFileReference; fileEncoding = 4; lastKnownFileType = sourcecode.c.h; path = "NSValue+AGKQuad.h"; sourceTree = "<group>"; };
		49C81D981B9158C6004CD2F9 /* NSValue+AGKQuad.m */ = {isa = PBXFileReference; fileEncoding = 4; lastKnownFileType = sourcecode.c.objc; path = "NSValue+AGKQuad.m"; sourceTree = "<group>"; };
		49C81D991B9158C6004CD2F9 /* UIBezierPath+AGKQuad.h */ = {isa = PBXFileReference; fileEncoding = 4; lastKnownFileType = sourcecode.c.h; path = "UIBezierPath+AGKQuad.h"; sourceTree = "<group>"; };
		49C81D9A1B9158C6004CD2F9 /* UIBezierPath+AGKQuad.m */ = {isa = PBXFileReference; fileEncoding = 4; lastKnownFileType = sourcecode.c.objc; path = "UIBezierPath+AGKQuad.m"; sourceTree = "<group>"; };
		49C81D9B1B9158C6004CD2F9 /* UIImage+AGK+CATransform3D.h */ = {isa = PBXFileReference; fileEncoding = 4; lastKnownFileType = sourcecode.c.h; path = "UIImage+AGK+CATransform3D.h"; sourceTree = "<group>"; };
		49C81D9C1B9158C6004CD2F9 /* UIImage+AGK+CATransform3D.m */ = {isa = PBXFileReference; fileEncoding = 4; lastKnownFileType = sourcecode.c.objc; path = "UIImage+AGK+CATransform3D.m"; sourceTree = "<group>"; };
		49C81D9D1B9158C6004CD2F9 /* UIImage+AGKQuad.h */ = {isa = PBXFileReference; fileEncoding = 4; lastKnownFileType = sourcecode.c.h; path = "UIImage+AGKQuad.h"; sourceTree = "<group>"; };
		49C81D9E1B9158C6004CD2F9 /* UIImage+AGKQuad.m */ = {isa = PBXFileReference; fileEncoding = 4; lastKnownFileType = sourcecode.c.objc; path = "UIImage+AGKQuad.m"; sourceTree = "<group>"; };
		49C81D9F1B9158C6004CD2F9 /* UIScrollView+AGK+Properties.h */ = {isa = PBXFileReference; fileEncoding = 4; lastKnownFileType = sourcecode.c.h; path = "UIScrollView+AGK+Properties.h"; sourceTree = "<group>"; };
		49C81DA01B9158C6004CD2F9 /* UIScrollView+AGK+Properties.m */ = {isa = PBXFileReference; fileEncoding = 4; lastKnownFileType = sourcecode.c.objc; path = "UIScrollView+AGK+Properties.m"; sourceTree = "<group>"; };
		49C81DA11B9158C6004CD2F9 /* UIView+AGK+AngleConverter.h */ = {isa = PBXFileReference; fileEncoding = 4; lastKnownFileType = sourcecode.c.h; path = "UIView+AGK+AngleConverter.h"; sourceTree = "<group>"; };
		49C81DA21B9158C6004CD2F9 /* UIView+AGK+AngleConverter.m */ = {isa = PBXFileReference; fileEncoding = 4; lastKnownFileType = sourcecode.c.objc; path = "UIView+AGK+AngleConverter.m"; sourceTree = "<group>"; };
		49C81DA31B9158C6004CD2F9 /* UIView+AGK+Properties.h */ = {isa = PBXFileReference; fileEncoding = 4; lastKnownFileType = sourcecode.c.h; path = "UIView+AGK+Properties.h"; sourceTree = "<group>"; };
		49C81DA41B9158C6004CD2F9 /* UIView+AGK+Properties.m */ = {isa = PBXFileReference; fileEncoding = 4; lastKnownFileType = sourcecode.c.objc; path = "UIView+AGK+Properties.m"; sourceTree = "<group>"; };
		49C81DA61B9158C6004CD2F9 /* AGGeometryKitClasses.h */ = {isa = PBXFileReference; fileEncoding = 4; lastKnownFileType = sourcecode.c.h; path = AGGeometryKitClasses.h; sourceTree = "<group>"; };
		49C81DA71B9158C6004CD2F9 /* AGKCALayerAnimationBlockDelegate.h */ = {isa = PBXFileReference; fileEncoding = 4; lastKnownFileType = sourcecode.c.h; path = AGKCALayerAnimationBlockDelegate.h; sourceTree = "<group>"; };
		49C81DA81B9158C6004CD2F9 /* AGKCALayerAnimationBlockDelegate.m */ = {isa = PBXFileReference; fileEncoding = 4; lastKnownFileType = sourcecode.c.objc; path = AGKCALayerAnimationBlockDelegate.m; sourceTree = "<group>"; };
		49C81DA91B9158C6004CD2F9 /* AGKMatrix.h */ = {isa = PBXFileReference; fileEncoding = 4; lastKnownFileType = sourcecode.c.h; path = AGKMatrix.h; sourceTree = "<group>"; };
		49C81DAA1B9158C6004CD2F9 /* AGKMatrix.m */ = {isa = PBXFileReference; fileEncoding = 4; lastKnownFileType = sourcecode.c.objc; path = AGKMatrix.m; sourceTree = "<group>"; };
		49C81DAB1B9158C6004CD2F9 /* AGKTransformPixelMapper.h */ = {isa = PBXFileReference; fileEncoding = 4; lastKnownFileType = sourcecode.c.h; path = AGKTransformPixelMapper.h; sourceTree = "<group>"; };
		49C81DAC1B9158C6004CD2F9 /* AGKTransformPixelMapper.m */ = {isa = PBXFileReference; fileEncoding = 4; lastKnownFileType = sourcecode.c.objc; path = AGKTransformPixelMapper.m; sourceTree = "<group>"; };
		49C81DAE1B9158C6004CD2F9 /* AGGeometryKitCoreGraphics.h */ = {isa = PBXFileReference; fileEncoding = 4; lastKnownFileType = sourcecode.c.h; path = AGGeometryKitCoreGraphics.h; sourceTree = "<group>"; };
		49C81DAF1B9158C6004CD2F9 /* CGGeometry+AGGeometryKit.h */ = {isa = PBXFileReference; fileEncoding = 4; lastKnownFileType = sourcecode.c.h; path = "CGGeometry+AGGeometryKit.h"; sourceTree = "<group>"; };
		49C81DB01B9158C6004CD2F9 /* CGGeometry+AGGeometryKit.m */ = {isa = PBXFileReference; fileEncoding = 4; lastKnownFileType = sourcecode.c.objc; path = "CGGeometry+AGGeometryKit.m"; sourceTree = "<group>"; };
		49C81DB11B9158C6004CD2F9 /* CGImageRef+AGK+CATransform3D.h */ = {isa = PBXFileReference; fileEncoding = 4; lastKnownFileType = sourcecode.c.h; path = "CGImageRef+AGK+CATransform3D.h"; sourceTree = "<group>"; };
		49C81DB21B9158C6004CD2F9 /* CGImageRef+AGK+CATransform3D.m */ = {isa = PBXFileReference; fileEncoding = 4; lastKnownFileType = sourcecode.c.objc; path = "CGImageRef+AGK+CATransform3D.m"; sourceTree = "<group>"; };
		49C81DB31B9158C6004CD2F9 /* POPAnimatableProperty+AGGeometryKit.h */ = {isa = PBXFileReference; fileEncoding = 4; lastKnownFileType = sourcecode.c.h; path = "POPAnimatableProperty+AGGeometryKit.h"; sourceTree = "<group>"; };
		49C81DB41B9158C6004CD2F9 /* POPAnimatableProperty+AGGeometryKit.m */ = {isa = PBXFileReference; fileEncoding = 4; lastKnownFileType = sourcecode.c.objc; path = "POPAnimatableProperty+AGGeometryKit.m"; sourceTree = "<group>"; };
		49C81E5E1B915E50004CD2F9 /* pop.xcodeproj */ = {isa = PBXFileReference; lastKnownFileType = "wrapper.pb-project"; name = pop.xcodeproj; path = "../../../Downloads/pop-master-2/pop.xcodeproj"; sourceTree = "<group>"; };
/* End PBXFileReference section */

/* Begin PBXFrameworksBuildPhase section */
		49C81D421B915866004CD2F9 /* Frameworks */ = {
			isa = PBXFrameworksBuildPhase;
			buildActionMask = 2147483647;
			files = (
				49C81E701B915E5D004CD2F9 /* pop.framework in Frameworks */,
			);
			runOnlyForDeploymentPostprocessing = 0;
		};
		49C81D5B1B915867004CD2F9 /* Frameworks */ = {
			isa = PBXFrameworksBuildPhase;
			buildActionMask = 2147483647;
			files = (
			);
			runOnlyForDeploymentPostprocessing = 0;
		};
		49C81D661B915867004CD2F9 /* Frameworks */ = {
			isa = PBXFrameworksBuildPhase;
			buildActionMask = 2147483647;
			files = (
			);
			runOnlyForDeploymentPostprocessing = 0;
		};
/* End PBXFrameworksBuildPhase section */

/* Begin PBXGroup section */
		493538A61CD85B390071E524 /* JDMUtility */ = {
			isa = PBXGroup;
			children = (
				493538A71CD85B390071E524 /* BaseGeometry.h */,
				493538A81CD85B390071E524 /* BaseGeometry.m */,
				493538A91CD85B390071E524 /* BezierUtilities.h */,
				493538AA1CD85B390071E524 /* BezierUtilities.m */,
				493538AB1CD85B390071E524 /* Colours.h */,
				493538AC1CD85B390071E524 /* Colours.m */,
				493538AD1CD85B390071E524 /* FBTweak */,
				493538DC1CD85B390071E524 /* JDMGradientLayer.h */,
				493538DD1CD85B390071E524 /* JDMGradientLayer.m */,
				493538DE1CD85B390071E524 /* JDMUtility.h */,
				493538DF1CD85B390071E524 /* SceneKit Additions.h */,
				493538E01CD85B390071E524 /* SceneKit Additions.m */,
			);
			path = JDMUtility;
			sourceTree = "<group>";
		};
		493538AD1CD85B390071E524 /* FBTweak */ = {
			isa = PBXGroup;
			children = (
				493538AE1CD85B390071E524 /* _FBColorComponentCell.h */,
				493538AF1CD85B390071E524 /* _FBColorComponentCell.m */,
				493538B01CD85B390071E524 /* _FBColorUtils.h */,
				493538B11CD85B390071E524 /* _FBColorUtils.m */,
				493538B21CD85B390071E524 /* _FBColorWheelCell.h */,
				493538B31CD85B390071E524 /* _FBColorWheelCell.m */,
				493538B41CD85B390071E524 /* _FBKeyboardManager.h */,
				493538B51CD85B390071E524 /* _FBKeyboardManager.m */,
				493538B61CD85B390071E524 /* _FBSliderView.h */,
				493538B71CD85B390071E524 /* _FBSliderView.m */,
				493538B81CD85B390071E524 /* _FBTweakArrayViewController.h */,
				493538B91CD85B390071E524 /* _FBTweakArrayViewController.m */,
				493538BA1CD85B390071E524 /* _FBTweakBindObserver.h */,
				493538BB1CD85B390071E524 /* _FBTweakBindObserver.m */,
				493538BC1CD85B390071E524 /* _FBTweakCategoryViewController.h */,
				493538BD1CD85B390071E524 /* _FBTweakCategoryViewController.m */,
				493538BE1CD85B390071E524 /* _FBTweakCollectionViewController.h */,
				493538BF1CD85B390071E524 /* _FBTweakCollectionViewController.m */,
				493538C01CD85B390071E524 /* _FBTweakColorViewController.h */,
				493538C11CD85B390071E524 /* _FBTweakColorViewController.m */,
				493538C21CD85B390071E524 /* _FBTweakColorViewControllerDataSource.h */,
				493538C31CD85B390071E524 /* _FBTweakColorViewControllerHSBDataSource.h */,
				493538C41CD85B390071E524 /* _FBTweakColorViewControllerHSBDataSource.m */,
				493538C51CD85B390071E524 /* _FBTweakColorViewControllerRGBDataSource.h */,
				493538C61CD85B390071E524 /* _FBTweakColorViewControllerRGBDataSource.m */,
				493538C71CD85B390071E524 /* _FBTweakDictionaryViewController.h */,
				493538C81CD85B390071E524 /* _FBTweakDictionaryViewController.m */,
				493538C91CD85B390071E524 /* _FBTweakTableViewCell.h */,
				493538CA1CD85B390071E524 /* _FBTweakTableViewCell.m */,
				493538CB1CD85B390071E524 /* FBTweak-Prefix.pch */,
				493538CC1CD85B390071E524 /* FBTweak.h */,
				493538CD1CD85B390071E524 /* FBTweak.m */,
				493538CE1CD85B390071E524 /* FBTweakCategory.h */,
				493538CF1CD85B390071E524 /* FBTweakCategory.m */,
				493538D01CD85B390071E524 /* FBTweakCollection.h */,
				493538D11CD85B390071E524 /* FBTweakCollection.m */,
				493538D21CD85B390071E524 /* FBTweakEnabled.h */,
				493538D31CD85B390071E524 /* FBTweakInline.h */,
				493538D41CD85B390071E524 /* FBTweakInline.m */,
				493538D51CD85B390071E524 /* FBTweakInlineInternal.h */,
				493538D61CD85B390071E524 /* FBTweakShakeWindow.h */,
				493538D71CD85B390071E524 /* FBTweakShakeWindow.m */,
				493538D81CD85B390071E524 /* FBTweakStore.h */,
				493538D91CD85B390071E524 /* FBTweakStore.m */,
				493538DA1CD85B390071E524 /* FBTweakViewController.h */,
				493538DB1CD85B390071E524 /* FBTweakViewController.m */,
			);
			path = FBTweak;
			sourceTree = "<group>";
		};
		49C81D3C1B915866004CD2F9 = {
			isa = PBXGroup;
			children = (
				49C81D471B915866004CD2F9 /* Replicator */,
				49C81D611B915867004CD2F9 /* ReplicatorTests */,
				49C81D6C1B915867004CD2F9 /* ReplicatorUITests */,
				49C81D461B915866004CD2F9 /* Products */,
				49C81E5E1B915E50004CD2F9 /* pop.xcodeproj */,
			);
			sourceTree = "<group>";
		};
		49C81D461B915866004CD2F9 /* Products */ = {
			isa = PBXGroup;
			children = (
				49C81D451B915866004CD2F9 /* Replicator.app */,
				49C81D5E1B915867004CD2F9 /* ReplicatorTests.xctest */,
				49C81D691B915867004CD2F9 /* ReplicatorUITests.xctest */,
			);
			name = Products;
			sourceTree = "<group>";
		};
		49C81D471B915866004CD2F9 /* Replicator */ = {
			isa = PBXGroup;
			children = (
				493538A61CD85B390071E524 /* JDMUtility */,
				49C81D7B1B9158C6004CD2F9 /* AGGeometryKit */,
				49C81D4B1B915866004CD2F9 /* AppDelegate.h */,
				49C81D4C1B915866004CD2F9 /* AppDelegate.m */,
				49C81D4E1B915866004CD2F9 /* ViewController.h */,
				49C81D4F1B915866004CD2F9 /* ViewController.m */,
				49C81D511B915866004CD2F9 /* Main.storyboard */,
				49C81D541B915866004CD2F9 /* Assets.xcassets */,
				49C81D561B915867004CD2F9 /* LaunchScreen.storyboard */,
				49C81D591B915867004CD2F9 /* Info.plist */,
				49C81D481B915866004CD2F9 /* Supporting Files */,
			);
			path = Replicator;
			sourceTree = "<group>";
		};
		49C81D481B915866004CD2F9 /* Supporting Files */ = {
			isa = PBXGroup;
			children = (
				49C81D491B915866004CD2F9 /* main.m */,
			);
			name = "Supporting Files";
			sourceTree = "<group>";
		};
		49C81D611B915867004CD2F9 /* ReplicatorTests */ = {
			isa = PBXGroup;
			children = (
				49C81D621B915867004CD2F9 /* ReplicatorTests.m */,
				49C81D641B915867004CD2F9 /* Info.plist */,
			);
			path = ReplicatorTests;
			sourceTree = "<group>";
		};
		49C81D6C1B915867004CD2F9 /* ReplicatorUITests */ = {
			isa = PBXGroup;
			children = (
				49C81D6D1B915867004CD2F9 /* ReplicatorUITests.m */,
				49C81D6F1B915867004CD2F9 /* Info.plist */,
			);
			path = ReplicatorUITests;
			sourceTree = "<group>";
		};
		49C81D7B1B9158C6004CD2F9 /* AGGeometryKit */ = {
			isa = PBXGroup;
			children = (
				49C81D7C1B9158C6004CD2F9 /* AGGeometryKit-Prefix.pch */,
				49C81D7D1B9158C6004CD2F9 /* AGGeometryKit.h */,
				49C81D7E1B9158C6004CD2F9 /* AGKBitOperations.h */,
				49C81D7F1B9158C6004CD2F9 /* AGKCorner.h */,
				49C81D801B9158C6004CD2F9 /* AGKCorner.m */,
				49C81D811B9158C6004CD2F9 /* AGKLine.h */,
				49C81D821B9158C6004CD2F9 /* AGKLine.m */,
				49C81D831B9158C6004CD2F9 /* AGKMath.h */,
				49C81D841B9158C6004CD2F9 /* AGKMath.m */,
				49C81D851B9158C6004CD2F9 /* AGKQuad.h */,
				49C81D861B9158C6004CD2F9 /* AGKQuad.m */,
				49C81D871B9158C6004CD2F9 /* AGKVector3D.h */,
				49C81D881B9158C6004CD2F9 /* AGKVector3D.m */,
				49C81D891B9158C6004CD2F9 /* Categories */,
				49C81DA51B9158C6004CD2F9 /* Classes */,
				49C81DAD1B9158C6004CD2F9 /* CoreGraphics_Extensions */,
				49C81DB31B9158C6004CD2F9 /* POPAnimatableProperty+AGGeometryKit.h */,
				49C81DB41B9158C6004CD2F9 /* POPAnimatableProperty+AGGeometryKit.m */,
			);
			name = AGGeometryKit;
			path = ../../../classes/AGGeometryKit;
			sourceTree = "<group>";
		};
		49C81D891B9158C6004CD2F9 /* Categories */ = {
			isa = PBXGroup;
			children = (
				49C81D8A1B9158C6004CD2F9 /* AGGeometryKitCategories.h */,
				49C81D8B1B9158C6004CD2F9 /* AGKMatrix+AGKVector3D.h */,
				49C81D8C1B9158C6004CD2F9 /* AGKMatrix+AGKVector3D.m */,
				49C81D8D1B9158C6004CD2F9 /* AGKMatrix+CATransform3D.h */,
				49C81D8E1B9158C6004CD2F9 /* AGKMatrix+CATransform3D.m */,
				49C81D8F1B9158C6004CD2F9 /* AGKMatrix+GLKit.h */,
				49C81D901B9158C6004CD2F9 /* AGKMatrix+GLKit.m */,
				49C81D911B9158C6004CD2F9 /* CALayer+AGK+Methods.h */,
				49C81D921B9158C6004CD2F9 /* CALayer+AGK+Methods.m */,
				49C81D931B9158C6004CD2F9 /* CALayer+AGK+Properties.h */,
				49C81D941B9158C6004CD2F9 /* CALayer+AGK+Properties.m */,
				49C81D951B9158C6004CD2F9 /* CALayer+AGKQuad.h */,
				49C81D961B9158C6004CD2F9 /* CALayer+AGKQuad.m */,
				49C81D971B9158C6004CD2F9 /* NSValue+AGKQuad.h */,
				49C81D981B9158C6004CD2F9 /* NSValue+AGKQuad.m */,
				49C81D991B9158C6004CD2F9 /* UIBezierPath+AGKQuad.h */,
				49C81D9A1B9158C6004CD2F9 /* UIBezierPath+AGKQuad.m */,
				49C81D9B1B9158C6004CD2F9 /* UIImage+AGK+CATransform3D.h */,
				49C81D9C1B9158C6004CD2F9 /* UIImage+AGK+CATransform3D.m */,
				49C81D9D1B9158C6004CD2F9 /* UIImage+AGKQuad.h */,
				49C81D9E1B9158C6004CD2F9 /* UIImage+AGKQuad.m */,
				49C81D9F1B9158C6004CD2F9 /* UIScrollView+AGK+Properties.h */,
				49C81DA01B9158C6004CD2F9 /* UIScrollView+AGK+Properties.m */,
				49C81DA11B9158C6004CD2F9 /* UIView+AGK+AngleConverter.h */,
				49C81DA21B9158C6004CD2F9 /* UIView+AGK+AngleConverter.m */,
				49C81DA31B9158C6004CD2F9 /* UIView+AGK+Properties.h */,
				49C81DA41B9158C6004CD2F9 /* UIView+AGK+Properties.m */,
			);
			path = Categories;
			sourceTree = "<group>";
		};
		49C81DA51B9158C6004CD2F9 /* Classes */ = {
			isa = PBXGroup;
			children = (
				49C81DA61B9158C6004CD2F9 /* AGGeometryKitClasses.h */,
				49C81DA71B9158C6004CD2F9 /* AGKCALayerAnimationBlockDelegate.h */,
				49C81DA81B9158C6004CD2F9 /* AGKCALayerAnimationBlockDelegate.m */,
				49C81DA91B9158C6004CD2F9 /* AGKMatrix.h */,
				49C81DAA1B9158C6004CD2F9 /* AGKMatrix.m */,
				49C81DAB1B9158C6004CD2F9 /* AGKTransformPixelMapper.h */,
				49C81DAC1B9158C6004CD2F9 /* AGKTransformPixelMapper.m */,
			);
			path = Classes;
			sourceTree = "<group>";
		};
		49C81DAD1B9158C6004CD2F9 /* CoreGraphics_Extensions */ = {
			isa = PBXGroup;
			children = (
				49C81DAE1B9158C6004CD2F9 /* AGGeometryKitCoreGraphics.h */,
				49C81DAF1B9158C6004CD2F9 /* CGGeometry+AGGeometryKit.h */,
				49C81DB01B9158C6004CD2F9 /* CGGeometry+AGGeometryKit.m */,
				49C81DB11B9158C6004CD2F9 /* CGImageRef+AGK+CATransform3D.h */,
				49C81DB21B9158C6004CD2F9 /* CGImageRef+AGK+CATransform3D.m */,
			);
			path = CoreGraphics_Extensions;
			sourceTree = "<group>";
		};
		49C81E5F1B915E50004CD2F9 /* Products */ = {
			isa = PBXGroup;
			children = (
				49C81E671B915E50004CD2F9 /* libpop.a */,
				49C81E691B915E50004CD2F9 /* pop.framework */,
				49C81E6B1B915E50004CD2F9 /* pop.framework */,
				49C81E6D1B915E50004CD2F9 /* pop-tests.xctest */,
				49C81E6F1B915E50004CD2F9 /* pop-tests.xctest */,
			);
			name = Products;
			sourceTree = "<group>";
		};
/* End PBXGroup section */

/* Begin PBXNativeTarget section */
		49C81D441B915866004CD2F9 /* Replicator */ = {
			isa = PBXNativeTarget;
			buildConfigurationList = 49C81D721B915867004CD2F9 /* Build configuration list for PBXNativeTarget "Replicator" */;
			buildPhases = (
				49C81D411B915866004CD2F9 /* Sources */,
				49C81D421B915866004CD2F9 /* Frameworks */,
				49C81D431B915866004CD2F9 /* Resources */,
				49C81E741B915E5D004CD2F9 /* Embed Frameworks */,
			);
			buildRules = (
			);
			dependencies = (
				49C81E731B915E5D004CD2F9 /* PBXTargetDependency */,
			);
			name = Replicator;
			productName = Replicator;
			productReference = 49C81D451B915866004CD2F9 /* Replicator.app */;
			productType = "com.apple.product-type.application";
		};
		49C81D5D1B915867004CD2F9 /* ReplicatorTests */ = {
			isa = PBXNativeTarget;
			buildConfigurationList = 49C81D751B915867004CD2F9 /* Build configuration list for PBXNativeTarget "ReplicatorTests" */;
			buildPhases = (
				49C81D5A1B915867004CD2F9 /* Sources */,
				49C81D5B1B915867004CD2F9 /* Frameworks */,
				49C81D5C1B915867004CD2F9 /* Resources */,
			);
			buildRules = (
			);
			dependencies = (
				49C81D601B915867004CD2F9 /* PBXTargetDependency */,
			);
			name = ReplicatorTests;
			productName = ReplicatorTests;
			productReference = 49C81D5E1B915867004CD2F9 /* ReplicatorTests.xctest */;
			productType = "com.apple.product-type.bundle.unit-test";
		};
		49C81D681B915867004CD2F9 /* ReplicatorUITests */ = {
			isa = PBXNativeTarget;
			buildConfigurationList = 49C81D781B915867004CD2F9 /* Build configuration list for PBXNativeTarget "ReplicatorUITests" */;
			buildPhases = (
				49C81D651B915867004CD2F9 /* Sources */,
				49C81D661B915867004CD2F9 /* Frameworks */,
				49C81D671B915867004CD2F9 /* Resources */,
			);
			buildRules = (
			);
			dependencies = (
				49C81D6B1B915867004CD2F9 /* PBXTargetDependency */,
			);
			name = ReplicatorUITests;
			productName = ReplicatorUITests;
			productReference = 49C81D691B915867004CD2F9 /* ReplicatorUITests.xctest */;
			productType = "com.apple.product-type.bundle.ui-testing";
		};
/* End PBXNativeTarget section */

/* Begin PBXProject section */
		49C81D3D1B915866004CD2F9 /* Project object */ = {
			isa = PBXProject;
			attributes = {
				LastUpgradeCheck = 0700;
				ORGANIZATIONNAME = "Justin Madewell";
				TargetAttributes = {
					49C81D441B915866004CD2F9 = {
						CreatedOnToolsVersion = 7.0;
					};
					49C81D5D1B915867004CD2F9 = {
						CreatedOnToolsVersion = 7.0;
						TestTargetID = 49C81D441B915866004CD2F9;
					};
					49C81D681B915867004CD2F9 = {
						CreatedOnToolsVersion = 7.0;
						TestTargetID = 49C81D441B915866004CD2F9;
					};
				};
			};
			buildConfigurationList = 49C81D401B915866004CD2F9 /* Build configuration list for PBXProject "Replicator" */;
			compatibilityVersion = "Xcode 3.2";
			developmentRegion = English;
			hasScannedForEncodings = 0;
			knownRegions = (
				en,
				Base,
			);
			mainGroup = 49C81D3C1B915866004CD2F9;
			productRefGroup = 49C81D461B915866004CD2F9 /* Products */;
			projectDirPath = "";
			projectReferences = (
				{
					ProductGroup = 49C81E5F1B915E50004CD2F9 /* Products */;
					ProjectRef = 49C81E5E1B915E50004CD2F9 /* pop.xcodeproj */;
				},
			);
			projectRoot = "";
			targets = (
				49C81D441B915866004CD2F9 /* Replicator */,
				49C81D5D1B915867004CD2F9 /* ReplicatorTests */,
				49C81D681B915867004CD2F9 /* ReplicatorUITests */,
			);
		};
/* End PBXProject section */

/* Begin PBXReferenceProxy section */
		49C81E671B915E50004CD2F9 /* libpop.a */ = {
			isa = PBXReferenceProxy;
			fileType = archive.ar;
			path = libpop.a;
			remoteRef = 49C81E661B915E50004CD2F9 /* PBXContainerItemProxy */;
			sourceTree = BUILT_PRODUCTS_DIR;
		};
		49C81E691B915E50004CD2F9 /* pop.framework */ = {
			isa = PBXReferenceProxy;
			fileType = wrapper.framework;
			path = pop.framework;
			remoteRef = 49C81E681B915E50004CD2F9 /* PBXContainerItemProxy */;
			sourceTree = BUILT_PRODUCTS_DIR;
		};
		49C81E6B1B915E50004CD2F9 /* pop.framework */ = {
			isa = PBXReferenceProxy;
			fileType = wrapper.framework;
			path = pop.framework;
			remoteRef = 49C81E6A1B915E50004CD2F9 /* PBXContainerItemProxy */;
			sourceTree = BUILT_PRODUCTS_DIR;
		};
		49C81E6D1B915E50004CD2F9 /* pop-tests.xctest */ = {
			isa = PBXReferenceProxy;
			fileType = wrapper.cfbundle;
			path = "pop-tests.xctest";
			remoteRef = 49C81E6C1B915E50004CD2F9 /* PBXContainerItemProxy */;
			sourceTree = BUILT_PRODUCTS_DIR;
		};
		49C81E6F1B915E50004CD2F9 /* pop-tests.xctest */ = {
			isa = PBXReferenceProxy;
			fileType = wrapper.cfbundle;
			path = "pop-tests.xctest";
			remoteRef = 49C81E6E1B915E50004CD2F9 /* PBXContainerItemProxy */;
			sourceTree = BUILT_PRODUCTS_DIR;
		};
/* End PBXReferenceProxy section */

/* Begin PBXResourcesBuildPhase section */
		49C81D431B915866004CD2F9 /* Resources */ = {
			isa = PBXResourcesBuildPhase;
			buildActionMask = 2147483647;
			files = (
				49C81D581B915867004CD2F9 /* LaunchScreen.storyboard in Resources */,
				49C81D551B915866004CD2F9 /* Assets.xcassets in Resources */,
				49C81D531B915866004CD2F9 /* Main.storyboard in Resources */,
			);
			runOnlyForDeploymentPostprocessing = 0;
		};
		49C81D5C1B915867004CD2F9 /* Resources */ = {
			isa = PBXResourcesBuildPhase;
			buildActionMask = 2147483647;
			files = (
			);
			runOnlyForDeploymentPostprocessing = 0;
		};
		49C81D671B915867004CD2F9 /* Resources */ = {
			isa = PBXResourcesBuildPhase;
			buildActionMask = 2147483647;
			files = (
			);
			runOnlyForDeploymentPostprocessing = 0;
		};
/* End PBXResourcesBuildPhase section */

/* Begin PBXSourcesBuildPhase section */
		49C81D411B915866004CD2F9 /* Sources */ = {
			isa = PBXSourcesBuildPhase;
			buildActionMask = 2147483647;
			files = (
				493538F71CD85B390071E524 /* FBTweakStore.m in Sources */,
				493538F11CD85B390071E524 /* _FBTweakTableViewCell.m in Sources */,
				493538E21CD85B390071E524 /* BezierUtilities.m in Sources */,
				493538E61CD85B390071E524 /* _FBColorWheelCell.m in Sources */,
				493538EF1CD85B390071E524 /* _FBTweakColorViewControllerRGBDataSource.m in Sources */,
				493538F01CD85B390071E524 /* _FBTweakDictionaryViewController.m in Sources */,
				493538E51CD85B390071E524 /* _FBColorUtils.m in Sources */,
				49C81D501B915866004CD2F9 /* ViewController.m in Sources */,
				49C81DC41B9158C6004CD2F9 /* UIScrollView+AGK+Properties.m in Sources */,
				493538F61CD85B390071E524 /* FBTweakShakeWindow.m in Sources */,
				49C81DC91B9158C6004CD2F9 /* AGKTransformPixelMapper.m in Sources */,
				493538F91CD85B390071E524 /* JDMGradientLayer.m in Sources */,
				49C81DCA1B9158C6004CD2F9 /* CGGeometry+AGGeometryKit.m in Sources */,
				49C81DB71B9158C6004CD2F9 /* AGKMath.m in Sources */,
				49C81D4D1B915866004CD2F9 /* AppDelegate.m in Sources */,
				493538E91CD85B390071E524 /* _FBTweakArrayViewController.m in Sources */,
				493538F51CD85B390071E524 /* FBTweakInline.m in Sources */,
				49C81DBC1B9158C6004CD2F9 /* AGKMatrix+GLKit.m in Sources */,
				493538E81CD85B390071E524 /* _FBSliderView.m in Sources */,
				49C81DC71B9158C6004CD2F9 /* AGKCALayerAnimationBlockDelegate.m in Sources */,
				49C81DB51B9158C6004CD2F9 /* AGKCorner.m in Sources */,
				493538E71CD85B390071E524 /* _FBKeyboardManager.m in Sources */,
				49C81DBA1B9158C6004CD2F9 /* AGKMatrix+AGKVector3D.m in Sources */,
				49C81DC11B9158C6004CD2F9 /* UIBezierPath+AGKQuad.m in Sources */,
				49C81DBE1B9158C6004CD2F9 /* CALayer+AGK+Properties.m in Sources */,
				493538FA1CD85B390071E524 /* SceneKit Additions.m in Sources */,
				493538E11CD85B390071E524 /* BaseGeometry.m in Sources */,
				493538EC1CD85B390071E524 /* _FBTweakCollectionViewController.m in Sources */,
				493538E41CD85B390071E524 /* _FBColorComponentCell.m in Sources */,
				493538F41CD85B390071E524 /* FBTweakCollection.m in Sources */,
				49C81DB61B9158C6004CD2F9 /* AGKLine.m in Sources */,
				493538F81CD85B390071E524 /* FBTweakViewController.m in Sources */,
				493538EE1CD85B390071E524 /* _FBTweakColorViewControllerHSBDataSource.m in Sources */,
				49C81DCB1B9158C6004CD2F9 /* CGImageRef+AGK+CATransform3D.m in Sources */,
				49C81DBB1B9158C6004CD2F9 /* AGKMatrix+CATransform3D.m in Sources */,
				49C81DC31B9158C6004CD2F9 /* UIImage+AGKQuad.m in Sources */,
				493538ED1CD85B390071E524 /* _FBTweakColorViewController.m in Sources */,
				493538EB1CD85B390071E524 /* _FBTweakCategoryViewController.m in Sources */,
				49C81DB91B9158C6004CD2F9 /* AGKVector3D.m in Sources */,
				49C81D4A1B915866004CD2F9 /* main.m in Sources */,
				49C81DC61B9158C6004CD2F9 /* UIView+AGK+Properties.m in Sources */,
				493538F31CD85B390071E524 /* FBTweakCategory.m in Sources */,
				49C81DBD1B9158C6004CD2F9 /* CALayer+AGK+Methods.m in Sources */,
				493538F21CD85B390071E524 /* FBTweak.m in Sources */,
				49C81DC01B9158C6004CD2F9 /* NSValue+AGKQuad.m in Sources */,
				49C81DBF1B9158C6004CD2F9 /* CALayer+AGKQuad.m in Sources */,
				493538EA1CD85B390071E524 /* _FBTweakBindObserver.m in Sources */,
				49C81DB81B9158C6004CD2F9 /* AGKQuad.m in Sources */,
				493538E31CD85B390071E524 /* Colours.m in Sources */,
				49C81DCC1B9158C6004CD2F9 /* POPAnimatableProperty+AGGeometryKit.m in Sources */,
				49C81DC81B9158C6004CD2F9 /* AGKMatrix.m in Sources */,
				49C81DC21B9158C6004CD2F9 /* UIImage+AGK+CATransform3D.m in Sources */,
				49C81DC51B9158C6004CD2F9 /* UIView+AGK+AngleConverter.m in Sources */,
			);
			runOnlyForDeploymentPostprocessing = 0;
		};
		49C81D5A1B915867004CD2F9 /* Sources */ = {
			isa = PBXSourcesBuildPhase;
			buildActionMask = 2147483647;
			files = (
				49C81D631B915867004CD2F9 /* ReplicatorTests.m in Sources */,
			);
			runOnlyForDeploymentPostprocessing = 0;
		};
		49C81D651B915867004CD2F9 /* Sources */ = {
			isa = PBXSourcesBuildPhase;
			buildActionMask = 2147483647;
			files = (
				49C81D6E1B915867004CD2F9 /* ReplicatorUITests.m in Sources */,
			);
			runOnlyForDeploymentPostprocessing = 0;
		};
/* End PBXSourcesBuildPhase section */

/* Begin PBXTargetDependency section */
		49C81D601B915867004CD2F9 /* PBXTargetDependency */ = {
			isa = PBXTargetDependency;
			target = 49C81D441B915866004CD2F9 /* Replicator */;
			targetProxy = 49C81D5F1B915867004CD2F9 /* PBXContainerItemProxy */;
		};
		49C81D6B1B915867004CD2F9 /* PBXTargetDependency */ = {
			isa = PBXTargetDependency;
			target = 49C81D441B915866004CD2F9 /* Replicator */;
			targetProxy = 49C81D6A1B915867004CD2F9 /* PBXContainerItemProxy */;
		};
		49C81E731B915E5D004CD2F9 /* PBXTargetDependency */ = {
			isa = PBXTargetDependency;
			name = "pop-ios-framework";
			targetProxy = 49C81E721B915E5D004CD2F9 /* PBXContainerItemProxy */;
		};
/* End PBXTargetDependency section */

/* Begin PBXVariantGroup section */
		49C81D511B915866004CD2F9 /* Main.storyboard */ = {
			isa = PBXVariantGroup;
			children = (
				49C81D521B915866004CD2F9 /* Base */,
			);
			name = Main.storyboard;
			sourceTree = "<group>";
		};
		49C81D561B915867004CD2F9 /* LaunchScreen.storyboard */ = {
			isa = PBXVariantGroup;
			children = (
				49C81D571B915867004CD2F9 /* Base */,
			);
			name = LaunchScreen.storyboard;
			sourceTree = "<group>";
		};
/* End PBXVariantGroup section */

/* Begin XCBuildConfiguration section */
		49C81D701B915867004CD2F9 /* Debug */ = {
			isa = XCBuildConfiguration;
			buildSettings = {
				ALWAYS_SEARCH_USER_PATHS = NO;
				CLANG_CXX_LANGUAGE_STANDARD = "gnu++0x";
				CLANG_CXX_LIBRARY = "libc++";
				CLANG_ENABLE_MODULES = YES;
				CLANG_ENABLE_OBJC_ARC = YES;
				CLANG_WARN_BOOL_CONVERSION = YES;
				CLANG_WARN_CONSTANT_CONVERSION = YES;
				CLANG_WARN_DIRECT_OBJC_ISA_USAGE = YES_ERROR;
				CLANG_WARN_EMPTY_BODY = YES;
				CLANG_WARN_ENUM_CONVERSION = YES;
				CLANG_WARN_INT_CONVERSION = YES;
				CLANG_WARN_OBJC_ROOT_CLASS = YES_ERROR;
				CLANG_WARN_UNREACHABLE_CODE = YES;
				CLANG_WARN__DUPLICATE_METHOD_MATCH = YES;
				"CODE_SIGN_IDENTITY[sdk=iphoneos*]" = "iPhone Developer";
				COPY_PHASE_STRIP = NO;
				DEBUG_INFORMATION_FORMAT = dwarf;
				ENABLE_STRICT_OBJC_MSGSEND = YES;
				ENABLE_TESTABILITY = YES;
				GCC_C_LANGUAGE_STANDARD = gnu99;
				GCC_DYNAMIC_NO_PIC = NO;
				GCC_NO_COMMON_BLOCKS = YES;
				GCC_OPTIMIZATION_LEVEL = 0;
				GCC_PREPROCESSOR_DEFINITIONS = (
					"DEBUG=1",
					"$(inherited)",
				);
				GCC_WARN_64_TO_32_BIT_CONVERSION = YES;
				GCC_WARN_ABOUT_RETURN_TYPE = YES_ERROR;
				GCC_WARN_UNDECLARED_SELECTOR = YES;
				GCC_WARN_UNINITIALIZED_AUTOS = YES_AGGRESSIVE;
				GCC_WARN_UNUSED_FUNCTION = YES;
				GCC_WARN_UNUSED_VARIABLE = YES;
				IPHONEOS_DEPLOYMENT_TARGET = 9.0;
				MTL_ENABLE_DEBUG_INFO = YES;
				ONLY_ACTIVE_ARCH = YES;
				SDKROOT = iphoneos;
				TARGETED_DEVICE_FAMILY = "1,2";
			};
			name = Debug;
		};
		49C81D711B915867004CD2F9 /* Release */ = {
			isa = XCBuildConfiguration;
			buildSettings = {
				ALWAYS_SEARCH_USER_PATHS = NO;
				CLANG_CXX_LANGUAGE_STANDARD = "gnu++0x";
				CLANG_CXX_LIBRARY = "libc++";
				CLANG_ENABLE_MODULES = YES;
				CLANG_ENABLE_OBJC_ARC = YES;
				CLANG_WARN_BOOL_CONVERSION = YES;
				CLANG_WARN_CONSTANT_CONVERSION = YES;
				CLANG_WARN_DIRECT_OBJC_ISA_USAGE = YES_ERROR;
				CLANG_WARN_EMPTY_BODY = YES;
				CLANG_WARN_ENUM_CONVERSION = YES;
				CLANG_WARN_INT_CONVERSION = YES;
				CLANG_WARN_OBJC_ROOT_CLASS = YES_ERROR;
				CLANG_WARN_UNREACHABLE_CODE = YES;
				CLANG_WARN__DUPLICATE_METHOD_MATCH = YES;
				"CODE_SIGN_IDENTITY[sdk=iphoneos*]" = "iPhone Developer";
				COPY_PHASE_STRIP = NO;
				DEBUG_INFORMATION_FORMAT = "dwarf-with-dsym";
				ENABLE_NS_ASSERTIONS = NO;
				ENABLE_STRICT_OBJC_MSGSEND = YES;
				GCC_C_LANGUAGE_STANDARD = gnu99;
				GCC_NO_COMMON_BLOCKS = YES;
				GCC_WARN_64_TO_32_BIT_CONVERSION = YES;
				GCC_WARN_ABOUT_RETURN_TYPE = YES_ERROR;
				GCC_WARN_UNDECLARED_SELECTOR = YES;
				GCC_WARN_UNINITIALIZED_AUTOS = YES_AGGRESSIVE;
				GCC_WARN_UNUSED_FUNCTION = YES;
				GCC_WARN_UNUSED_VARIABLE = YES;
				IPHONEOS_DEPLOYMENT_TARGET = 9.0;
				MTL_ENABLE_DEBUG_INFO = NO;
				SDKROOT = iphoneos;
				TARGETED_DEVICE_FAMILY = "1,2";
				VALIDATE_PRODUCT = YES;
			};
			name = Release;
		};
		49C81D731B915867004CD2F9 /* Debug */ = {
			isa = XCBuildConfiguration;
			buildSettings = {
				ASSETCATALOG_COMPILER_APPICON_NAME = AppIcon;
				INFOPLIST_FILE = Replicator/Info.plist;
				LD_RUNPATH_SEARCH_PATHS = "$(inherited) @executable_path/Frameworks";
				PRODUCT_BUNDLE_IDENTIFIER = com.backslashDevelopment.Replicator;
				PRODUCT_NAME = "$(TARGET_NAME)";
			};
			name = Debug;
		};
		49C81D741B915867004CD2F9 /* Release */ = {
			isa = XCBuildConfiguration;
			buildSettings = {
				ASSETCATALOG_COMPILER_APPICON_NAME = AppIcon;
				INFOPLIST_FILE = Replicator/Info.plist;
				LD_RUNPATH_SEARCH_PATHS = "$(inherited) @executable_path/Frameworks";
				PRODUCT_BUNDLE_IDENTIFIER = com.backslashDevelopment.Replicator;
				PRODUCT_NAME = "$(TARGET_NAME)";
			};
			name = Release;
		};
		49C81D761B915867004CD2F9 /* Debug */ = {
			isa = XCBuildConfiguration;
			buildSettings = {
				BUNDLE_LOADER = "$(TEST_HOST)";
				INFOPLIST_FILE = ReplicatorTests/Info.plist;
				LD_RUNPATH_SEARCH_PATHS = "$(inherited) @executable_path/Frameworks @loader_path/Frameworks";
				PRODUCT_BUNDLE_IDENTIFIER = com.backslashDevelopment.ReplicatorTests;
				PRODUCT_NAME = "$(TARGET_NAME)";
				TEST_HOST = "$(BUILT_PRODUCTS_DIR)/Replicator.app/Replicator";
			};
			name = Debug;
		};
		49C81D771B915867004CD2F9 /* Release */ = {
			isa = XCBuildConfiguration;
			buildSettings = {
				BUNDLE_LOADER = "$(TEST_HOST)";
				INFOPLIST_FILE = ReplicatorTests/Info.plist;
				LD_RUNPATH_SEARCH_PATHS = "$(inherited) @executable_path/Frameworks @loader_path/Frameworks";
				PRODUCT_BUNDLE_IDENTIFIER = com.backslashDevelopment.ReplicatorTests;
				PRODUCT_NAME = "$(TARGET_NAME)";
				TEST_HOST = "$(BUILT_PRODUCTS_DIR)/Replicator.app/Replicator";
			};
			name = Release;
		};
		49C81D791B915867004CD2F9 /* Debug */ = {
			isa = XCBuildConfiguration;
			buildSettings = {
				INFOPLIST_FILE = ReplicatorUITests/Info.plist;
				LD_RUNPATH_SEARCH_PATHS = "$(inherited) @executable_path/Frameworks @loader_path/Frameworks";
				PRODUCT_BUNDLE_IDENTIFIER = com.backslashDevelopment.ReplicatorUITests;
				PRODUCT_NAME = "$(TARGET_NAME)";
				TEST_TARGET_NAME = Replicator;
				USES_XCTRUNNER = YES;
			};
			name = Debug;
		};
		49C81D7A1B915867004CD2F9 /* Release */ = {
			isa = XCBuildConfiguration;
			buildSettings = {
				INFOPLIST_FILE = ReplicatorUITests/Info.plist;
				LD_RUNPATH_SEARCH_PATHS = "$(inherited) @executable_path/Frameworks @loader_path/Frameworks";
				PRODUCT_BUNDLE_IDENTIFIER = com.backslashDevelopment.ReplicatorUITests;
				PRODUCT_NAME = "$(TARGET_NAME)";
				TEST_TARGET_NAME = Replicator;
				USES_XCTRUNNER = YES;
			};
			name = Release;
		};
/* End XCBuildConfiguration section */

/* Begin XCConfigurationList section */
		49C81D401B915866004CD2F9 /* Build configuration list for PBXProject "Replicator" */ = {
			isa = XCConfigurationList;
			buildConfigurations = (
				49C81D701B915867004CD2F9 /* Debug */,
				49C81D711B915867004CD2F9 /* Release */,
			);
			defaultConfigurationIsVisible = 0;
			defaultConfigurationName = Release;
		};
		49C81D721B915867004CD2F9 /* Build configuration list for PBXNativeTarget "Replicator" */ = {
			isa = XCConfigurationList;
			buildConfigurations = (
				49C81D731B915867004CD2F9 /* Debug */,
				49C81D741B915867004CD2F9 /* Release */,
			);
			defaultConfigurationIsVisible = 0;
			defaultConfigurationName = Release;
		};
		49C81D751B915867004CD2F9 /* Build configuration list for PBXNativeTarget "ReplicatorTests" */ = {
			isa = XCConfigurationList;
			buildConfigurations = (
				49C81D761B915867004CD2F9 /* Debug */,
				49C81D771B915867004CD2F9 /* Release */,
			);
			defaultConfigurationIsVisible = 0;
			defaultConfigurationName = Release;
		};
		49C81D781B915867004CD2F9 /* Build configuration list for PBXNativeTarget "ReplicatorUITests" */ = {
			isa = XCConfigurationList;
			buildConfigurations = (
				49C81D791B915867004CD2F9 /* Debug */,
				49C81D7A1B915867004CD2F9 /* Release */,
			);
			defaultConfigurationIsVisible = 0;
			defaultConfigurationName = Release;
		};
/* End XCConfigurationList section */
	};
	rootObject = 49C81D3D1B915866004CD2F9 /* Project object */;
}
